// !$*UTF8*$!
{
	archiveVersion = 1;
	classes = {
	};
	objectVersion = 56;
	objects = {

/* Begin PBXBuildFile section */
		E40C15582BA4D334007FA124 /* CameraModeModel.swift in Sources */ = {isa = PBXBuildFile; fileRef = E40C15572BA4D334007FA124 /* CameraModeModel.swift */; };
		E40C155A2BA4EFD2007FA124 /* CameraViewModel.swift in Sources */ = {isa = PBXBuildFile; fileRef = E40C15592BA4EFD2007FA124 /* CameraViewModel.swift */; };
		E40C155D2BA4F0C1007FA124 /* DBServices.swift in Sources */ = {isa = PBXBuildFile; fileRef = E40C155C2BA4F0C1007FA124 /* DBServices.swift */; };
		E4373CA52BA4B53600B8A2FB /* AppDelegate.swift in Sources */ = {isa = PBXBuildFile; fileRef = E4373CA42BA4B53600B8A2FB /* AppDelegate.swift */; };
		E4373CA72BA4B53600B8A2FB /* SceneDelegate.swift in Sources */ = {isa = PBXBuildFile; fileRef = E4373CA62BA4B53600B8A2FB /* SceneDelegate.swift */; };
		E4373CA92BA4B53600B8A2FB /* ViewController.swift in Sources */ = {isa = PBXBuildFile; fileRef = E4373CA82BA4B53600B8A2FB /* ViewController.swift */; };
		E4373CAC2BA4B53600B8A2FB /* Base in Resources */ = {isa = PBXBuildFile; fileRef = E4373CAB2BA4B53600B8A2FB /* Base */; };
		E4373CAE2BA4B53700B8A2FB /* Assets.xcassets in Resources */ = {isa = PBXBuildFile; fileRef = E4373CAD2BA4B53700B8A2FB /* Assets.xcassets */; };
		E4373CB12BA4B53700B8A2FB /* Base in Resources */ = {isa = PBXBuildFile; fileRef = E4373CB02BA4B53700B8A2FB /* Base */; };
		E4373CBC2BA4B78C00B8A2FB /* CameraViewModelProtocol.swift in Sources */ = {isa = PBXBuildFile; fileRef = E4373CBB2BA4B78C00B8A2FB /* CameraViewModelProtocol.swift */; };
/* End PBXBuildFile section */

/* Begin PBXFileReference section */
		E40C15572BA4D334007FA124 /* CameraModeModel.swift */ = {isa = PBXFileReference; lastKnownFileType = sourcecode.swift; path = CameraModeModel.swift; sourceTree = "<group>"; };
		E40C15592BA4EFD2007FA124 /* CameraViewModel.swift */ = {isa = PBXFileReference; lastKnownFileType = sourcecode.swift; path = CameraViewModel.swift; sourceTree = "<group>"; };
		E40C155C2BA4F0C1007FA124 /* DBServices.swift */ = {isa = PBXFileReference; lastKnownFileType = sourcecode.swift; path = DBServices.swift; sourceTree = "<group>"; };
		E4373CA12BA4B53600B8A2FB /* CameraMode.app */ = {isa = PBXFileReference; explicitFileType = wrapper.application; includeInIndex = 0; path = CameraMode.app; sourceTree = BUILT_PRODUCTS_DIR; };
		E4373CA42BA4B53600B8A2FB /* AppDelegate.swift */ = {isa = PBXFileReference; lastKnownFileType = sourcecode.swift; path = AppDelegate.swift; sourceTree = "<group>"; };
		E4373CA62BA4B53600B8A2FB /* SceneDelegate.swift */ = {isa = PBXFileReference; lastKnownFileType = sourcecode.swift; path = SceneDelegate.swift; sourceTree = "<group>"; };
		E4373CA82BA4B53600B8A2FB /* ViewController.swift */ = {isa = PBXFileReference; lastKnownFileType = sourcecode.swift; path = ViewController.swift; sourceTree = "<group>"; };
		E4373CAB2BA4B53600B8A2FB /* Base */ = {isa = PBXFileReference; lastKnownFileType = file.storyboard; name = Base; path = Base.lproj/Main.storyboard; sourceTree = "<group>"; };
		E4373CAD2BA4B53700B8A2FB /* Assets.xcassets */ = {isa = PBXFileReference; lastKnownFileType = folder.assetcatalog; path = Assets.xcassets; sourceTree = "<group>"; };
		E4373CB02BA4B53700B8A2FB /* Base */ = {isa = PBXFileReference; lastKnownFileType = file.storyboard; name = Base; path = Base.lproj/LaunchScreen.storyboard; sourceTree = "<group>"; };
		E4373CB22BA4B53700B8A2FB /* Info.plist */ = {isa = PBXFileReference; lastKnownFileType = text.plist.xml; path = Info.plist; sourceTree = "<group>"; };
		E4373CBB2BA4B78C00B8A2FB /* CameraViewModelProtocol.swift */ = {isa = PBXFileReference; lastKnownFileType = sourcecode.swift; path = CameraViewModelProtocol.swift; sourceTree = "<group>"; };
/* End PBXFileReference section */

/* Begin PBXFrameworksBuildPhase section */
		E4373C9E2BA4B53600B8A2FB /* Frameworks */ = {
			isa = PBXFrameworksBuildPhase;
			buildActionMask = 2147483647;
			files = (
			);
			runOnlyForDeploymentPostprocessing = 0;
		};
/* End PBXFrameworksBuildPhase section */

/* Begin PBXGroup section */
		E40C15562BA4D323007FA124 /* Models */ = {
			isa = PBXGroup;
			children = (
				E40C15572BA4D334007FA124 /* CameraModeModel.swift */,
			);
			path = Models;
			sourceTree = "<group>";
		};
		E40C155B2BA4F0A5007FA124 /* Services */ = {
			isa = PBXGroup;
			children = (
				E40C155C2BA4F0C1007FA124 /* DBServices.swift */,
			);
			path = Services;
			sourceTree = "<group>";
		};
		E4373C982BA4B53600B8A2FB = {
			isa = PBXGroup;
			children = (
				E4373CA32BA4B53600B8A2FB /* CameraMode */,
				E4373CA22BA4B53600B8A2FB /* Products */,
			);
			sourceTree = "<group>";
		};
		E4373CA22BA4B53600B8A2FB /* Products */ = {
			isa = PBXGroup;
			children = (
				E4373CA12BA4B53600B8A2FB /* CameraMode.app */,
			);
			name = Products;
			sourceTree = "<group>";
		};
		E4373CA32BA4B53600B8A2FB /* CameraMode */ = {
			isa = PBXGroup;
			children = (
				E4373CB82BA4B5ED00B8A2FB /* App */,
				E4373CBA2BA4B75600B8A2FB /* Camera */,
				E40C155B2BA4F0A5007FA124 /* Services */,
				E40C15562BA4D323007FA124 /* Models */,
				E4373CB92BA4B5FB00B8A2FB /* Resources */,
			);
			path = CameraMode;
			sourceTree = "<group>";
		};
		E4373CB82BA4B5ED00B8A2FB /* App */ = {
			isa = PBXGroup;
			children = (
				E4373CA42BA4B53600B8A2FB /* AppDelegate.swift */,
				E4373CA62BA4B53600B8A2FB /* SceneDelegate.swift */,
			);
			path = App;
			sourceTree = "<group>";
		};
		E4373CB92BA4B5FB00B8A2FB /* Resources */ = {
			isa = PBXGroup;
			children = (
				E4373CAD2BA4B53700B8A2FB /* Assets.xcassets */,
				E4373CAF2BA4B53700B8A2FB /* LaunchScreen.storyboard */,
				E4373CB22BA4B53700B8A2FB /* Info.plist */,
			);
			path = Resources;
			sourceTree = "<group>";
		};
		E4373CBA2BA4B75600B8A2FB /* Camera */ = {
			isa = PBXGroup;
			children = (
				E4373CA82BA4B53600B8A2FB /* ViewController.swift */,
				E4373CAA2BA4B53600B8A2FB /* Main.storyboard */,
				E4373CBB2BA4B78C00B8A2FB /* CameraViewModelProtocol.swift */,
				E40C15592BA4EFD2007FA124 /* CameraViewModel.swift */,
			);
			path = Camera;
			sourceTree = "<group>";
		};
/* End PBXGroup section */

/* Begin PBXNativeTarget section */
		E4373CA02BA4B53600B8A2FB /* CameraMode */ = {
			isa = PBXNativeTarget;
			buildConfigurationList = E4373CB52BA4B53700B8A2FB /* Build configuration list for PBXNativeTarget "CameraMode" */;
			buildPhases = (
				E4373C9D2BA4B53600B8A2FB /* Sources */,
				E4373C9E2BA4B53600B8A2FB /* Frameworks */,
				E4373C9F2BA4B53600B8A2FB /* Resources */,
			);
			buildRules = (
			);
			dependencies = (
			);
			name = CameraMode;
			productName = CameraMode;
			productReference = E4373CA12BA4B53600B8A2FB /* CameraMode.app */;
			productType = "com.apple.product-type.application";
		};
/* End PBXNativeTarget section */

/* Begin PBXProject section */
		E4373C992BA4B53600B8A2FB /* Project object */ = {
			isa = PBXProject;
			attributes = {
				BuildIndependentTargetsInParallel = 1;
				LastSwiftUpdateCheck = 1530;
				LastUpgradeCheck = 1530;
				TargetAttributes = {
					E4373CA02BA4B53600B8A2FB = {
						CreatedOnToolsVersion = 15.3;
					};
				};
			};
			buildConfigurationList = E4373C9C2BA4B53600B8A2FB /* Build configuration list for PBXProject "CameraMode" */;
			compatibilityVersion = "Xcode 14.0";
			developmentRegion = en;
			hasScannedForEncodings = 0;
			knownRegions = (
				en,
				Base,
			);
			mainGroup = E4373C982BA4B53600B8A2FB;
			productRefGroup = E4373CA22BA4B53600B8A2FB /* Products */;
			projectDirPath = "";
			projectRoot = "";
			targets = (
				E4373CA02BA4B53600B8A2FB /* CameraMode */,
			);
		};
/* End PBXProject section */

/* Begin PBXResourcesBuildPhase section */
		E4373C9F2BA4B53600B8A2FB /* Resources */ = {
			isa = PBXResourcesBuildPhase;
			buildActionMask = 2147483647;
			files = (
				E4373CAE2BA4B53700B8A2FB /* Assets.xcassets in Resources */,
				E4373CB12BA4B53700B8A2FB /* Base in Resources */,
				E4373CAC2BA4B53600B8A2FB /* Base in Resources */,
			);
			runOnlyForDeploymentPostprocessing = 0;
		};
/* End PBXResourcesBuildPhase section */

/* Begin PBXSourcesBuildPhase section */
		E4373C9D2BA4B53600B8A2FB /* Sources */ = {
			isa = PBXSourcesBuildPhase;
			buildActionMask = 2147483647;
			files = (
				E40C15582BA4D334007FA124 /* CameraModeModel.swift in Sources */,
				E4373CA92BA4B53600B8A2FB /* ViewController.swift in Sources */,
				E4373CBC2BA4B78C00B8A2FB /* CameraViewModelProtocol.swift in Sources */,
				E4373CA52BA4B53600B8A2FB /* AppDelegate.swift in Sources */,
				E40C155D2BA4F0C1007FA124 /* DBServices.swift in Sources */,
				E4373CA72BA4B53600B8A2FB /* SceneDelegate.swift in Sources */,
				E40C155A2BA4EFD2007FA124 /* CameraViewModel.swift in Sources */,
			);
			runOnlyForDeploymentPostprocessing = 0;
		};
/* End PBXSourcesBuildPhase section */

/* Begin PBXVariantGroup section */
		E4373CAA2BA4B53600B8A2FB /* Main.storyboard */ = {
			isa = PBXVariantGroup;
			children = (
				E4373CAB2BA4B53600B8A2FB /* Base */,
			);
			name = Main.storyboard;
			sourceTree = "<group>";
		};
		E4373CAF2BA4B53700B8A2FB /* LaunchScreen.storyboard */ = {
			isa = PBXVariantGroup;
			children = (
				E4373CB02BA4B53700B8A2FB /* Base */,
			);
			name = LaunchScreen.storyboard;
			sourceTree = "<group>";
		};
/* End PBXVariantGroup section */

/* Begin XCBuildConfiguration section */
		E4373CB32BA4B53700B8A2FB /* Debug */ = {
			isa = XCBuildConfiguration;
			buildSettings = {
				ALWAYS_SEARCH_USER_PATHS = NO;
				ASSETCATALOG_COMPILER_GENERATE_SWIFT_ASSET_SYMBOL_EXTENSIONS = YES;
				CLANG_ANALYZER_NONNULL = YES;
				CLANG_ANALYZER_NUMBER_OBJECT_CONVERSION = YES_AGGRESSIVE;
				CLANG_CXX_LANGUAGE_STANDARD = "gnu++20";
				CLANG_ENABLE_MODULES = YES;
				CLANG_ENABLE_OBJC_ARC = YES;
				CLANG_ENABLE_OBJC_WEAK = YES;
				CLANG_WARN_BLOCK_CAPTURE_AUTORELEASING = YES;
				CLANG_WARN_BOOL_CONVERSION = YES;
				CLANG_WARN_COMMA = YES;
				CLANG_WARN_CONSTANT_CONVERSION = YES;
				CLANG_WARN_DEPRECATED_OBJC_IMPLEMENTATIONS = YES;
				CLANG_WARN_DIRECT_OBJC_ISA_USAGE = YES_ERROR;
				CLANG_WARN_DOCUMENTATION_COMMENTS = YES;
				CLANG_WARN_EMPTY_BODY = YES;
				CLANG_WARN_ENUM_CONVERSION = YES;
				CLANG_WARN_INFINITE_RECURSION = YES;
				CLANG_WARN_INT_CONVERSION = YES;
				CLANG_WARN_NON_LITERAL_NULL_CONVERSION = YES;
				CLANG_WARN_OBJC_IMPLICIT_RETAIN_SELF = YES;
				CLANG_WARN_OBJC_LITERAL_CONVERSION = YES;
				CLANG_WARN_OBJC_ROOT_CLASS = YES_ERROR;
				CLANG_WARN_QUOTED_INCLUDE_IN_FRAMEWORK_HEADER = YES;
				CLANG_WARN_RANGE_LOOP_ANALYSIS = YES;
				CLANG_WARN_STRICT_PROTOTYPES = YES;
				CLANG_WARN_SUSPICIOUS_MOVE = YES;
				CLANG_WARN_UNGUARDED_AVAILABILITY = YES_AGGRESSIVE;
				CLANG_WARN_UNREACHABLE_CODE = YES;
				CLANG_WARN__DUPLICATE_METHOD_MATCH = YES;
				COPY_PHASE_STRIP = NO;
				DEBUG_INFORMATION_FORMAT = dwarf;
				ENABLE_STRICT_OBJC_MSGSEND = YES;
				ENABLE_TESTABILITY = YES;
				ENABLE_USER_SCRIPT_SANDBOXING = YES;
				GCC_C_LANGUAGE_STANDARD = gnu17;
				GCC_DYNAMIC_NO_PIC = NO;
				GCC_NO_COMMON_BLOCKS = YES;
				GCC_OPTIMIZATION_LEVEL = 0;
				GCC_PREPROCESSOR_DEFINITIONS = (
					"DEBUG=1",
					"$(inherited)",
				);
				GCC_WARN_64_TO_32_BIT_CONVERSION = YES;
				GCC_WARN_ABOUT_RETURN_TYPE = YES_ERROR;
				GCC_WARN_UNDECLARED_SELECTOR = YES;
				GCC_WARN_UNINITIALIZED_AUTOS = YES_AGGRESSIVE;
				GCC_WARN_UNUSED_FUNCTION = YES;
				GCC_WARN_UNUSED_VARIABLE = YES;
				IPHONEOS_DEPLOYMENT_TARGET = 16.0;
				LOCALIZATION_PREFERS_STRING_CATALOGS = YES;
				MTL_ENABLE_DEBUG_INFO = INCLUDE_SOURCE;
				MTL_FAST_MATH = YES;
				ONLY_ACTIVE_ARCH = YES;
				SDKROOT = iphoneos;
				SWIFT_ACTIVE_COMPILATION_CONDITIONS = "DEBUG $(inherited)";
				SWIFT_OPTIMIZATION_LEVEL = "-Onone";
			};
			name = Debug;
		};
		E4373CB42BA4B53700B8A2FB /* Release */ = {
			isa = XCBuildConfiguration;
			buildSettings = {
				ALWAYS_SEARCH_USER_PATHS = NO;
				ASSETCATALOG_COMPILER_GENERATE_SWIFT_ASSET_SYMBOL_EXTENSIONS = YES;
				CLANG_ANALYZER_NONNULL = YES;
				CLANG_ANALYZER_NUMBER_OBJECT_CONVERSION = YES_AGGRESSIVE;
				CLANG_CXX_LANGUAGE_STANDARD = "gnu++20";
				CLANG_ENABLE_MODULES = YES;
				CLANG_ENABLE_OBJC_ARC = YES;
				CLANG_ENABLE_OBJC_WEAK = YES;
				CLANG_WARN_BLOCK_CAPTURE_AUTORELEASING = YES;
				CLANG_WARN_BOOL_CONVERSION = YES;
				CLANG_WARN_COMMA = YES;
				CLANG_WARN_CONSTANT_CONVERSION = YES;
				CLANG_WARN_DEPRECATED_OBJC_IMPLEMENTATIONS = YES;
				CLANG_WARN_DIRECT_OBJC_ISA_USAGE = YES_ERROR;
				CLANG_WARN_DOCUMENTATION_COMMENTS = YES;
				CLANG_WARN_EMPTY_BODY = YES;
				CLANG_WARN_ENUM_CONVERSION = YES;
				CLANG_WARN_INFINITE_RECURSION = YES;
				CLANG_WARN_INT_CONVERSION = YES;
				CLANG_WARN_NON_LITERAL_NULL_CONVERSION = YES;
				CLANG_WARN_OBJC_IMPLICIT_RETAIN_SELF = YES;
				CLANG_WARN_OBJC_LITERAL_CONVERSION = YES;
				CLANG_WARN_OBJC_ROOT_CLASS = YES_ERROR;
				CLANG_WARN_QUOTED_INCLUDE_IN_FRAMEWORK_HEADER = YES;
				CLANG_WARN_RANGE_LOOP_ANALYSIS = YES;
				CLANG_WARN_STRICT_PROTOTYPES = YES;
				CLANG_WARN_SUSPICIOUS_MOVE = YES;
				CLANG_WARN_UNGUARDED_AVAILABILITY = YES_AGGRESSIVE;
				CLANG_WARN_UNREACHABLE_CODE = YES;
				CLANG_WARN__DUPLICATE_METHOD_MATCH = YES;
				COPY_PHASE_STRIP = NO;
				DEBUG_INFORMATION_FORMAT = "dwarf-with-dsym";
				ENABLE_NS_ASSERTIONS = NO;
				ENABLE_STRICT_OBJC_MSGSEND = YES;
				ENABLE_USER_SCRIPT_SANDBOXING = YES;
				GCC_C_LANGUAGE_STANDARD = gnu17;
				GCC_NO_COMMON_BLOCKS = YES;
				GCC_WARN_64_TO_32_BIT_CONVERSION = YES;
				GCC_WARN_ABOUT_RETURN_TYPE = YES_ERROR;
				GCC_WARN_UNDECLARED_SELECTOR = YES;
				GCC_WARN_UNINITIALIZED_AUTOS = YES_AGGRESSIVE;
				GCC_WARN_UNUSED_FUNCTION = YES;
				GCC_WARN_UNUSED_VARIABLE = YES;
				IPHONEOS_DEPLOYMENT_TARGET = 16.0;
				LOCALIZATION_PREFERS_STRING_CATALOGS = YES;
				MTL_ENABLE_DEBUG_INFO = NO;
				MTL_FAST_MATH = YES;
				SDKROOT = iphoneos;
				SWIFT_COMPILATION_MODE = wholemodule;
				VALIDATE_PRODUCT = YES;
			};
			name = Release;
		};
		E4373CB62BA4B53700B8A2FB /* Debug */ = {
			isa = XCBuildConfiguration;
			buildSettings = {
				ASSETCATALOG_COMPILER_APPICON_NAME = AppIcon;
				ASSETCATALOG_COMPILER_GLOBAL_ACCENT_COLOR_NAME = AccentColor;
				CODE_SIGN_STYLE = Automatic;
				CURRENT_PROJECT_VERSION = 1;
				DEVELOPMENT_TEAM = 748RM22H5Z;
				GENERATE_INFOPLIST_FILE = YES;
				INFOPLIST_FILE = CameraMode/Resources/Info.plist;
				INFOPLIST_KEY_UIApplicationSupportsIndirectInputEvents = YES;
				INFOPLIST_KEY_UILaunchStoryboardName = LaunchScreen;
				INFOPLIST_KEY_UIMainStoryboardFile = Main;
				INFOPLIST_KEY_UISupportedInterfaceOrientations_iPad = "UIInterfaceOrientationPortrait UIInterfaceOrientationPortraitUpsideDown UIInterfaceOrientationLandscapeLeft UIInterfaceOrientationLandscapeRight";
				INFOPLIST_KEY_UISupportedInterfaceOrientations_iPhone = "UIInterfaceOrientationPortrait UIInterfaceOrientationLandscapeLeft UIInterfaceOrientationLandscapeRight";
				LD_RUNPATH_SEARCH_PATHS = (
					"$(inherited)",
					"@executable_path/Frameworks",
				);
				MARKETING_VERSION = 1.0;
				PRODUCT_BUNDLE_IDENTIFIER = EliId.CameraMode;
				PRODUCT_NAME = "$(TARGET_NAME)";
				SWIFT_EMIT_LOC_STRINGS = YES;
				SWIFT_VERSION = 5.0;
				TARGETED_DEVICE_FAMILY = "1,2";
			};
			name = Debug;
		};
		E4373CB72BA4B53700B8A2FB /* Release */ = {
			isa = XCBuildConfiguration;
			buildSettings = {
				ASSETCATALOG_COMPILER_APPICON_NAME = AppIcon;
				ASSETCATALOG_COMPILER_GLOBAL_ACCENT_COLOR_NAME = AccentColor;
				CODE_SIGN_STYLE = Automatic;
				CURRENT_PROJECT_VERSION = 1;
				DEVELOPMENT_TEAM = 748RM22H5Z;
				GENERATE_INFOPLIST_FILE = YES;
				INFOPLIST_FILE = CameraMode/Resources/Info.plist;
				INFOPLIST_KEY_UIApplicationSupportsIndirectInputEvents = YES;
				INFOPLIST_KEY_UILaunchStoryboardName = LaunchScreen;
				INFOPLIST_KEY_UIMainStoryboardFile = Main;
				INFOPLIST_KEY_UISupportedInterfaceOrientations_iPad = "UIInterfaceOrientationPortrait UIInterfaceOrientationPortraitUpsideDown UIInterfaceOrientationLandscapeLeft UIInterfaceOrientationLandscapeRight";
				INFOPLIST_KEY_UISupportedInterfaceOrientations_iPhone = "UIInterfaceOrientationPortrait UIInterfaceOrientationLandscapeLeft UIInterfaceOrientationLandscapeRight";
				LD_RUNPATH_SEARCH_PATHS = (
					"$(inherited)",
					"@executable_path/Frameworks",
				);
				MARKETING_VERSION = 1.0;
				PRODUCT_BUNDLE_IDENTIFIER = EliId.CameraMode;
				PRODUCT_NAME = "$(TARGET_NAME)";
				SWIFT_EMIT_LOC_STRINGS = YES;
				SWIFT_VERSION = 5.0;
				TARGETED_DEVICE_FAMILY = "1,2";
			};
			name = Release;
		};
/* End XCBuildConfiguration section */

/* Begin XCConfigurationList section */
		E4373C9C2BA4B53600B8A2FB /* Build configuration list for PBXProject "CameraMode" */ = {
			isa = XCConfigurationList;
			buildConfigurations = (
				E4373CB32BA4B53700B8A2FB /* Debug */,
				E4373CB42BA4B53700B8A2FB /* Release */,
			);
			defaultConfigurationIsVisible = 0;
			defaultConfigurationName = Release;
		};
		E4373CB52BA4B53700B8A2FB /* Build configuration list for PBXNativeTarget "CameraMode" */ = {
			isa = XCConfigurationList;
			buildConfigurations = (
				E4373CB62BA4B53700B8A2FB /* Debug */,
				E4373CB72BA4B53700B8A2FB /* Release */,
			);
			defaultConfigurationIsVisible = 0;
			defaultConfigurationName = Release;
		};
/* End XCConfigurationList section */
	};
	rootObject = E4373C992BA4B53600B8A2FB /* Project object */;
}
